
Microsoft Visual Studio Solution File, Format Version 12.00
# Visual Studio Version 17
VisualStudioVersion = 17.5.002.0
MinimumVisualStudioVersion = 10.0.40219.1
Project("{9A19103F-16F7-4668-BE54-9A1E7A4F7556}") = "mardi-gras-domain", "domain\mardi-gras-domain.csproj", "{00A55B72-9372-4B2F-A4D0-713CB254D853}"
EndProject
Project("{FAE04EC0-301F-11D3-BF4B-00C04F79EFBC}") = "mardi-gras-silo", "silo\mardi-gras-silo.csproj", "{465CD0EB-3EB8-47A6-8460-C96282F3B511}"
EndProject
Project("{FAE04EC0-301F-11D3-BF4B-00C04F79EFBC}") = "mardi-gras-client", "client\mardi-gras-client.csproj", "{6265EC12-E01A-4E64-BE6A-DBC3715AC4D6}"
EndProject
Global
	GlobalSection(SolutionConfigurationPlatforms) = preSolution
		Debug|Any CPU = Debug|Any CPU
		Release|Any CPU = Release|Any CPU
	EndGlobalSection
	GlobalSection(ProjectConfigurationPlatforms) = postSolution
		{00A55B72-9372-4B2F-A4D0-713CB254D853}.Debug|Any CPU.ActiveCfg = Debug|Any CPU
		{00A55B72-9372-4B2F-A4D0-713CB254D853}.Debug|Any CPU.Build.0 = Debug|Any CPU
		{00A55B72-9372-4B2F-A4D0-713CB254D853}.Release|Any CPU.ActiveCfg = Release|Any CPU
		{00A55B72-9372-4B2F-A4D0-713CB254D853}.Release|Any CPU.Build.0 = Release|Any CPU
		{465CD0EB-3EB8-47A6-8460-C96282F3B511}.Debug|Any CPU.ActiveCfg = Debug|Any CPU
		{465CD0EB-3EB8-47A6-8460-C96282F3B511}.Debug|Any CPU.Build.0 = Debug|Any CPU
		{465CD0EB-3EB8-47A6-8460-C96282F3B511}.Release|Any CPU.ActiveCfg = Release|Any CPU
		{465CD0EB-3EB8-47A6-8460-C96282F3B511}.Release|Any CPU.Build.0 = Release|Any CPU
		{6265EC12-E01A-4E64-BE6A-DBC3715AC4D6}.Debug|Any CPU.ActiveCfg = Debug|Any CPU
		{6265EC12-E01A-4E64-BE6A-DBC3715AC4D6}.Debug|Any CPU.Build.0 = Debug|Any CPU
		{6265EC12-E01A-4E64-BE6A-DBC3715AC4D6}.Release|Any CPU.ActiveCfg = Release|Any CPU
		{6265EC12-E01A-4E64-BE6A-DBC3715AC4D6}.Release|Any CPU.Build.0 = Release|Any CPU
	EndGlobalSection
	GlobalSection(SolutionProperties) = preSolution
		HideSolutionNode = FALSE
	EndGlobalSection
	GlobalSection(ExtensibilityGlobals) = postSolution
		SolutionGuid = {27E9EFF3-56BA-4635-ACC3-F929BC781122}
	EndGlobalSection
EndGlobal
